
Microsoft Visual Studio Solution File, Format Version 12.00
# Visual Studio Version 17
VisualStudioVersion = 17.2.32519.379
MinimumVisualStudioVersion = 10.0.40219.1
Project("{FAE04EC0-301F-11D3-BF4B-00C04F79EFBC}") = "Calculador", "Calculador\Calculador.csproj", "{1E4118DD-158E-450A-8799-4CCD0F33F14E}"
EndProject
Global
	GlobalSection(SolutionConfigurationPlatforms) = preSolution
		Debug|Any CPU = Debug|Any CPU
		Release|Any CPU = Release|Any CPU
	EndGlobalSection
	GlobalSection(ProjectConfigurationPlatforms) = postSolution
		{1E4118DD-158E-450A-8799-4CCD0F33F14E}.Debug|Any CPU.ActiveCfg = Debug|Any CPU
		{1E4118DD-158E-450A-8799-4CCD0F33F14E}.Debug|Any CPU.Build.0 = Debug|Any CPU
		{1E4118DD-158E-450A-8799-4CCD0F33F14E}.Release|Any CPU.ActiveCfg = Release|Any CPU
		{1E4118DD-158E-450A-8799-4CCD0F33F14E}.Release|Any CPU.Build.0 = Release|Any CPU
	EndGlobalSection
	GlobalSection(SolutionProperties) = preSolution
		HideSolutionNode = FALSE
	EndGlobalSection
	GlobalSection(ExtensibilityGlobals) = postSolution
		SolutionGuid = {E858A338-1295-405A-8E0D-2F036518CA4E}
	EndGlobalSection
EndGlobal
